// !$*UTF8*$!
{
	archiveVersion = 1;
	classes = {
	};
	objectVersion = 46;
	objects = {

/* Begin PBXBuildFile section */
		107D93B11CD9AEF300EA94F1 /* MessageUI.framework in Frameworks */ = {isa = PBXBuildFile; fileRef = 107D93B01CD9AEF300EA94F1 /* MessageUI.framework */; };
		75282E781CCFCBB0006FCFA1 /* QuestionVC.swift in Sources */ = {isa = PBXBuildFile; fileRef = 75282E771CCFCBB0006FCFA1 /* QuestionVC.swift */; };
		753CA9991CC6B65900816DFA /* Main.storyboard in Resources */ = {isa = PBXBuildFile; fileRef = 75C8F1DF1CBD75C100125AD4 /* Main.storyboard */; };
		7568BACC1CD279B700D22B89 /* WebviewVC.swift in Sources */ = {isa = PBXBuildFile; fileRef = 7568BACB1CD279B700D22B89 /* WebviewVC.swift */; };
		75C8F1DC1CBD75C100125AD4 /* AppDelegate.swift in Sources */ = {isa = PBXBuildFile; fileRef = 75C8F1DB1CBD75C100125AD4 /* AppDelegate.swift */; };
		75C8F1DE1CBD75C100125AD4 /* MainVC.swift in Sources */ = {isa = PBXBuildFile; fileRef = 75C8F1DD1CBD75C100125AD4 /* MainVC.swift */; };
		75C8F1E31CBD75C100125AD4 /* Assets.xcassets in Resources */ = {isa = PBXBuildFile; fileRef = 75C8F1E21CBD75C100125AD4 /* Assets.xcassets */; };
		75C8F1E61CBD75C100125AD4 /* LaunchScreen.storyboard in Resources */ = {isa = PBXBuildFile; fileRef = 75C8F1E41CBD75C100125AD4 /* LaunchScreen.storyboard */; };
		75C8F1F11CBD75C100125AD4 /* OliveAndGoldTests.swift in Sources */ = {isa = PBXBuildFile; fileRef = 75C8F1F01CBD75C100125AD4 /* OliveAndGoldTests.swift */; };
		75C8F1FC1CBD75C100125AD4 /* OliveAndGoldUITests.swift in Sources */ = {isa = PBXBuildFile; fileRef = 75C8F1FB1CBD75C100125AD4 /* OliveAndGoldUITests.swift */; };
		D63782CB1E025B7700E2DA3E /* StaffDisplayVC.swift in Sources */ = {isa = PBXBuildFile; fileRef = D63782CA1E025B7700E2DA3E /* StaffDisplayVC.swift */; };
		D66D7FBB1E048ED200BB6ABC /* MainTableViewCell.swift in Sources */ = {isa = PBXBuildFile; fileRef = D66D7FBA1E048ED200BB6ABC /* MainTableViewCell.swift */; };
		D66D7FBD1E04957E00BB6ABC /* QuestionTableViewCell.swift in Sources */ = {isa = PBXBuildFile; fileRef = D66D7FBC1E04957E00BB6ABC /* QuestionTableViewCell.swift */; };
		D671CBB81E01B9BC008F04E1 /* Staff.swift in Sources */ = {isa = PBXBuildFile; fileRef = D671CBB61E01B9BC008F04E1 /* Staff.swift */; };
		D671CBB91E01B9BC008F04E1 /* StaffMember.swift in Sources */ = {isa = PBXBuildFile; fileRef = D671CBB71E01B9BC008F04E1 /* StaffMember.swift */; };
		D671CBBE1E01BA6A008F04E1 /* Extensions.swift in Sources */ = {isa = PBXBuildFile; fileRef = D671CBBD1E01BA6A008F04E1 /* Extensions.swift */; };
		D671CBC21E01BD6B008F04E1 /* Questions.swift in Sources */ = {isa = PBXBuildFile; fileRef = D671CBC11E01BD6B008F04E1 /* Questions.swift */; };
/* End PBXBuildFile section */

/* Begin PBXContainerItemProxy section */
		75C8F1ED1CBD75C100125AD4 /* PBXContainerItemProxy */ = {
			isa = PBXContainerItemProxy;
			containerPortal = 75C8F1D01CBD75C000125AD4 /* Project object */;
			proxyType = 1;
			remoteGlobalIDString = 75C8F1D71CBD75C100125AD4;
			remoteInfo = OliveAndGold;
		};
		75C8F1F81CBD75C100125AD4 /* PBXContainerItemProxy */ = {
			isa = PBXContainerItemProxy;
			containerPortal = 75C8F1D01CBD75C000125AD4 /* Project object */;
			proxyType = 1;
			remoteGlobalIDString = 75C8F1D71CBD75C100125AD4;
			remoteInfo = OliveAndGold;
		};
/* End PBXContainerItemProxy section */

/* Begin PBXFileReference section */
		107D93B01CD9AEF300EA94F1 /* MessageUI.framework */ = {isa = PBXFileReference; lastKnownFileType = wrapper.framework; name = MessageUI.framework; path = System/Library/Frameworks/MessageUI.framework; sourceTree = SDKROOT; };
		75282E771CCFCBB0006FCFA1 /* QuestionVC.swift */ = {isa = PBXFileReference; fileEncoding = 4; lastKnownFileType = sourcecode.swift; path = QuestionVC.swift; sourceTree = "<group>"; };
		753CA9981CC6B54F00816DFA /* en */ = {isa = PBXFileReference; lastKnownFileType = file.storyboard; name = en; path = en.lproj/Main.storyboard; sourceTree = "<group>"; };
		7568BACB1CD279B700D22B89 /* WebviewVC.swift */ = {isa = PBXFileReference; fileEncoding = 4; lastKnownFileType = sourcecode.swift; path = WebviewVC.swift; sourceTree = "<group>"; };
		75C8F1D81CBD75C100125AD4 /* OliveAndGold.app */ = {isa = PBXFileReference; explicitFileType = wrapper.application; includeInIndex = 0; path = OliveAndGold.app; sourceTree = BUILT_PRODUCTS_DIR; };
		75C8F1DB1CBD75C100125AD4 /* AppDelegate.swift */ = {isa = PBXFileReference; lastKnownFileType = sourcecode.swift; path = AppDelegate.swift; sourceTree = "<group>"; };
		75C8F1DD1CBD75C100125AD4 /* MainVC.swift */ = {isa = PBXFileReference; lastKnownFileType = sourcecode.swift; path = MainVC.swift; sourceTree = "<group>"; };
		75C8F1E21CBD75C100125AD4 /* Assets.xcassets */ = {isa = PBXFileReference; lastKnownFileType = folder.assetcatalog; path = Assets.xcassets; sourceTree = "<group>"; };
		75C8F1E51CBD75C100125AD4 /* Base */ = {isa = PBXFileReference; lastKnownFileType = file.storyboard; name = Base; path = Base.lproj/LaunchScreen.storyboard; sourceTree = "<group>"; };
		75C8F1E71CBD75C100125AD4 /* Info.plist */ = {isa = PBXFileReference; lastKnownFileType = text.plist.xml; path = Info.plist; sourceTree = "<group>"; };
		75C8F1EC1CBD75C100125AD4 /* OliveAndGoldTests.xctest */ = {isa = PBXFileReference; explicitFileType = wrapper.cfbundle; includeInIndex = 0; path = OliveAndGoldTests.xctest; sourceTree = BUILT_PRODUCTS_DIR; };
		75C8F1F01CBD75C100125AD4 /* OliveAndGoldTests.swift */ = {isa = PBXFileReference; lastKnownFileType = sourcecode.swift; path = OliveAndGoldTests.swift; sourceTree = "<group>"; };
		75C8F1F21CBD75C100125AD4 /* Info.plist */ = {isa = PBXFileReference; lastKnownFileType = text.plist.xml; path = Info.plist; sourceTree = "<group>"; };
		75C8F1F71CBD75C100125AD4 /* OliveAndGoldUITests.xctest */ = {isa = PBXFileReference; explicitFileType = wrapper.cfbundle; includeInIndex = 0; path = OliveAndGoldUITests.xctest; sourceTree = BUILT_PRODUCTS_DIR; };
		75C8F1FB1CBD75C100125AD4 /* OliveAndGoldUITests.swift */ = {isa = PBXFileReference; lastKnownFileType = sourcecode.swift; path = OliveAndGoldUITests.swift; sourceTree = "<group>"; };
		75C8F1FD1CBD75C100125AD4 /* Info.plist */ = {isa = PBXFileReference; lastKnownFileType = text.plist.xml; path = Info.plist; sourceTree = "<group>"; };
		D63782CA1E025B7700E2DA3E /* StaffDisplayVC.swift */ = {isa = PBXFileReference; fileEncoding = 4; lastKnownFileType = sourcecode.swift; path = StaffDisplayVC.swift; sourceTree = "<group>"; };
		D66D7FBA1E048ED200BB6ABC /* MainTableViewCell.swift */ = {isa = PBXFileReference; fileEncoding = 4; lastKnownFileType = sourcecode.swift; path = MainTableViewCell.swift; sourceTree = "<group>"; };
		D66D7FBC1E04957E00BB6ABC /* QuestionTableViewCell.swift */ = {isa = PBXFileReference; fileEncoding = 4; lastKnownFileType = sourcecode.swift; path = QuestionTableViewCell.swift; sourceTree = "<group>"; };
		D671CBB61E01B9BC008F04E1 /* Staff.swift */ = {isa = PBXFileReference; fileEncoding = 4; lastKnownFileType = sourcecode.swift; path = Staff.swift; sourceTree = "<group>"; };
		D671CBB71E01B9BC008F04E1 /* StaffMember.swift */ = {isa = PBXFileReference; fileEncoding = 4; lastKnownFileType = sourcecode.swift; path = StaffMember.swift; sourceTree = "<group>"; };
		D671CBBD1E01BA6A008F04E1 /* Extensions.swift */ = {isa = PBXFileReference; fileEncoding = 4; lastKnownFileType = sourcecode.swift; path = Extensions.swift; sourceTree = "<group>"; };
		D671CBC11E01BD6B008F04E1 /* Questions.swift */ = {isa = PBXFileReference; fileEncoding = 4; lastKnownFileType = sourcecode.swift; path = Questions.swift; sourceTree = "<group>"; };
/* End PBXFileReference section */

/* Begin PBXFrameworksBuildPhase section */
		75C8F1D51CBD75C100125AD4 /* Frameworks */ = {
			isa = PBXFrameworksBuildPhase;
			buildActionMask = 2147483647;
			files = (
			);
			runOnlyForDeploymentPostprocessing = 0;
		};
		75C8F1E91CBD75C100125AD4 /* Frameworks */ = {
			isa = PBXFrameworksBuildPhase;
			buildActionMask = 2147483647;
			files = (
			);
			runOnlyForDeploymentPostprocessing = 0;
		};
		75C8F1F41CBD75C100125AD4 /* Frameworks */ = {
			isa = PBXFrameworksBuildPhase;
			buildActionMask = 2147483647;
			files = (
				107D93B11CD9AEF300EA94F1 /* MessageUI.framework in Frameworks */,
			);
			runOnlyForDeploymentPostprocessing = 0;
		};
/* End PBXFrameworksBuildPhase section */

/* Begin PBXGroup section */
		75C8F1CF1CBD75C000125AD4 = {
			isa = PBXGroup;
			children = (
				107D93B01CD9AEF300EA94F1 /* MessageUI.framework */,
				75C8F1DA1CBD75C100125AD4 /* OliveAndGold */,
				75C8F1EF1CBD75C100125AD4 /* OliveAndGoldTests */,
				75C8F1FA1CBD75C100125AD4 /* OliveAndGoldUITests */,
				75C8F1D91CBD75C100125AD4 /* Products */,
			);
			sourceTree = "<group>";
		};
		75C8F1D91CBD75C100125AD4 /* Products */ = {
			isa = PBXGroup;
			children = (
				75C8F1D81CBD75C100125AD4 /* OliveAndGold.app */,
				75C8F1EC1CBD75C100125AD4 /* OliveAndGoldTests.xctest */,
				75C8F1F71CBD75C100125AD4 /* OliveAndGoldUITests.xctest */,
			);
			name = Products;
			sourceTree = "<group>";
		};
		75C8F1DA1CBD75C100125AD4 /* OliveAndGold */ = {
			isa = PBXGroup;
			children = (
				D671CBBA1E01B9C2008F04E1 /* Utilities */,
				D671CBB51E01B03D008F04E1 /* Views */,
				75C8F1DB1CBD75C100125AD4 /* AppDelegate.swift */,
				75C8F1DF1CBD75C100125AD4 /* Main.storyboard */,
				75C8F1E21CBD75C100125AD4 /* Assets.xcassets */,
				75C8F1E41CBD75C100125AD4 /* LaunchScreen.storyboard */,
				75C8F1E71CBD75C100125AD4 /* Info.plist */,
			);
			path = OliveAndGold;
			sourceTree = "<group>";
		};
		75C8F1EF1CBD75C100125AD4 /* OliveAndGoldTests */ = {
			isa = PBXGroup;
			children = (
				75C8F1F01CBD75C100125AD4 /* OliveAndGoldTests.swift */,
				75C8F1F21CBD75C100125AD4 /* Info.plist */,
			);
			path = OliveAndGoldTests;
			sourceTree = "<group>";
		};
		75C8F1FA1CBD75C100125AD4 /* OliveAndGoldUITests */ = {
			isa = PBXGroup;
			children = (
				75C8F1FB1CBD75C100125AD4 /* OliveAndGoldUITests.swift */,
				75C8F1FD1CBD75C100125AD4 /* Info.plist */,
			);
			path = OliveAndGoldUITests;
			sourceTree = "<group>";
		};
		D63782CE1E026AE700E2DA3E /* Main View Controller */ = {
			isa = PBXGroup;
			children = (
				75C8F1DD1CBD75C100125AD4 /* MainVC.swift */,
				D66D7FBA1E048ED200BB6ABC /* MainTableViewCell.swift */,
				D63782CA1E025B7700E2DA3E /* StaffDisplayVC.swift */,
			);
			name = "Main View Controller";
			sourceTree = "<group>";
		};
		D63782CF1E026B0A00E2DA3E /* Questions View Controller */ = {
			isa = PBXGroup;
			children = (
				75282E771CCFCBB0006FCFA1 /* QuestionVC.swift */,
				D66D7FBC1E04957E00BB6ABC /* QuestionTableViewCell.swift */,
			);
			name = "Questions View Controller";
			sourceTree = "<group>";
		};
		D63782D01E026B1900E2DA3E /* Webview View Controller */ = {
			isa = PBXGroup;
			children = (
				7568BACB1CD279B700D22B89 /* WebviewVC.swift */,
			);
			name = "Webview View Controller";
			sourceTree = "<group>";
		};
		D671CBB51E01B03D008F04E1 /* Views */ = {
			isa = PBXGroup;
			children = (
				D63782CE1E026AE700E2DA3E /* Main View Controller */,
				D63782D01E026B1900E2DA3E /* Webview View Controller */,
				D63782CF1E026B0A00E2DA3E /* Questions View Controller */,
			);
			name = Views;
			sourceTree = "<group>";
		};
		D671CBBA1E01B9C2008F04E1 /* Utilities */ = {
			isa = PBXGroup;
			children = (
				D671CBBC1E01BA25008F04E1 /* College Questions */,
				D671CBBB1E01BA19008F04E1 /* Staff */,
				D671CBBD1E01BA6A008F04E1 /* Extensions.swift */,
			);
			name = Utilities;
			sourceTree = "<group>";
		};
		D671CBBB1E01BA19008F04E1 /* Staff */ = {
			isa = PBXGroup;
			children = (
				D671CBB61E01B9BC008F04E1 /* Staff.swift */,
				D671CBB71E01B9BC008F04E1 /* StaffMember.swift */,
			);
			name = Staff;
			sourceTree = "<group>";
		};
		D671CBBC1E01BA25008F04E1 /* College Questions */ = {
			isa = PBXGroup;
			children = (
				D671CBC11E01BD6B008F04E1 /* Questions.swift */,
			);
			name = "College Questions";
			sourceTree = "<group>";
		};
/* End PBXGroup section */

/* Begin PBXNativeTarget section */
		75C8F1D71CBD75C100125AD4 /* OliveAndGold */ = {
			isa = PBXNativeTarget;
			buildConfigurationList = 75C8F2001CBD75C100125AD4 /* Build configuration list for PBXNativeTarget "OliveAndGold" */;
			buildPhases = (
				75C8F1D41CBD75C100125AD4 /* Sources */,
				75C8F1D51CBD75C100125AD4 /* Frameworks */,
				75C8F1D61CBD75C100125AD4 /* Resources */,
			);
			buildRules = (
			);
			dependencies = (
			);
			name = OliveAndGold;
			productName = OliveAndGold;
			productReference = 75C8F1D81CBD75C100125AD4 /* OliveAndGold.app */;
			productType = "com.apple.product-type.application";
		};
		75C8F1EB1CBD75C100125AD4 /* OliveAndGoldTests */ = {
			isa = PBXNativeTarget;
			buildConfigurationList = 75C8F2031CBD75C100125AD4 /* Build configuration list for PBXNativeTarget "OliveAndGoldTests" */;
			buildPhases = (
				75C8F1E81CBD75C100125AD4 /* Sources */,
				75C8F1E91CBD75C100125AD4 /* Frameworks */,
				75C8F1EA1CBD75C100125AD4 /* Resources */,
			);
			buildRules = (
			);
			dependencies = (
				75C8F1EE1CBD75C100125AD4 /* PBXTargetDependency */,
			);
			name = OliveAndGoldTests;
			productName = OliveAndGoldTests;
			productReference = 75C8F1EC1CBD75C100125AD4 /* OliveAndGoldTests.xctest */;
			productType = "com.apple.product-type.bundle.unit-test";
		};
		75C8F1F61CBD75C100125AD4 /* OliveAndGoldUITests */ = {
			isa = PBXNativeTarget;
			buildConfigurationList = 75C8F2061CBD75C100125AD4 /* Build configuration list for PBXNativeTarget "OliveAndGoldUITests" */;
			buildPhases = (
				75C8F1F31CBD75C100125AD4 /* Sources */,
				75C8F1F41CBD75C100125AD4 /* Frameworks */,
				75C8F1F51CBD75C100125AD4 /* Resources */,
			);
			buildRules = (
			);
			dependencies = (
				75C8F1F91CBD75C100125AD4 /* PBXTargetDependency */,
			);
			name = OliveAndGoldUITests;
			productName = OliveAndGoldUITests;
			productReference = 75C8F1F71CBD75C100125AD4 /* OliveAndGoldUITests.xctest */;
			productType = "com.apple.product-type.bundle.ui-testing";
		};
/* End PBXNativeTarget section */

/* Begin PBXProject section */
		75C8F1D01CBD75C000125AD4 /* Project object */ = {
			isa = PBXProject;
			attributes = {
				KnownAssetTags = (
					41,
				);
				LastSwiftUpdateCheck = 0720;
				LastUpgradeCheck = 0810;
				ORGANIZATIONNAME = com.4myeecc;
				TargetAttributes = {
					75C8F1D71CBD75C100125AD4 = {
						CreatedOnToolsVersion = 7.2;
						DevelopmentTeam = K3PUTQJ355;
						LastSwiftMigration = 0800;
					};
					75C8F1EB1CBD75C100125AD4 = {
						CreatedOnToolsVersion = 7.2;
						DevelopmentTeam = 8NCGG875PH;
						LastSwiftMigration = 0800;
						TestTargetID = 75C8F1D71CBD75C100125AD4;
					};
					75C8F1F61CBD75C100125AD4 = {
						CreatedOnToolsVersion = 7.2;
						DevelopmentTeam = 8NCGG875PH;
						LastSwiftMigration = 0800;
						TestTargetID = 75C8F1D71CBD75C100125AD4;
					};
				};
			};
			buildConfigurationList = 75C8F1D31CBD75C000125AD4 /* Build configuration list for PBXProject "OliveAndGold" */;
			compatibilityVersion = "Xcode 3.2";
			developmentRegion = English;
			hasScannedForEncodings = 0;
			knownRegions = (
				en,
				Base,
			);
			mainGroup = 75C8F1CF1CBD75C000125AD4;
			productRefGroup = 75C8F1D91CBD75C100125AD4 /* Products */;
			projectDirPath = "";
			projectRoot = "";
			targets = (
				75C8F1D71CBD75C100125AD4 /* OliveAndGold */,
				75C8F1EB1CBD75C100125AD4 /* OliveAndGoldTests */,
				75C8F1F61CBD75C100125AD4 /* OliveAndGoldUITests */,
			);
		};
/* End PBXProject section */

/* Begin PBXResourcesBuildPhase section */
		75C8F1D61CBD75C100125AD4 /* Resources */ = {
			isa = PBXResourcesBuildPhase;
			buildActionMask = 2147483647;
			files = (
				753CA9991CC6B65900816DFA /* Main.storyboard in Resources */,
				75C8F1E61CBD75C100125AD4 /* LaunchScreen.storyboard in Resources */,
				75C8F1E31CBD75C100125AD4 /* Assets.xcassets in Resources */,
			);
			runOnlyForDeploymentPostprocessing = 0;
		};
		75C8F1EA1CBD75C100125AD4 /* Resources */ = {
			isa = PBXResourcesBuildPhase;
			buildActionMask = 2147483647;
			files = (
			);
			runOnlyForDeploymentPostprocessing = 0;
		};
		75C8F1F51CBD75C100125AD4 /* Resources */ = {
			isa = PBXResourcesBuildPhase;
			buildActionMask = 2147483647;
			files = (
			);
			runOnlyForDeploymentPostprocessing = 0;
		};
/* End PBXResourcesBuildPhase section */

/* Begin PBXSourcesBuildPhase section */
		75C8F1D41CBD75C100125AD4 /* Sources */ = {
			isa = PBXSourcesBuildPhase;
			buildActionMask = 2147483647;
			files = (
				D671CBB91E01B9BC008F04E1 /* StaffMember.swift in Sources */,
				D66D7FBD1E04957E00BB6ABC /* QuestionTableViewCell.swift in Sources */,
				D671CBBE1E01BA6A008F04E1 /* Extensions.swift in Sources */,
				7568BACC1CD279B700D22B89 /* WebviewVC.swift in Sources */,
				75282E781CCFCBB0006FCFA1 /* QuestionVC.swift in Sources */,
				D63782CB1E025B7700E2DA3E /* StaffDisplayVC.swift in Sources */,
				75C8F1DE1CBD75C100125AD4 /* MainVC.swift in Sources */,
				D671CBC21E01BD6B008F04E1 /* Questions.swift in Sources */,
				75C8F1DC1CBD75C100125AD4 /* AppDelegate.swift in Sources */,
				D671CBB81E01B9BC008F04E1 /* Staff.swift in Sources */,
				D66D7FBB1E048ED200BB6ABC /* MainTableViewCell.swift in Sources */,
			);
			runOnlyForDeploymentPostprocessing = 0;
		};
		75C8F1E81CBD75C100125AD4 /* Sources */ = {
			isa = PBXSourcesBuildPhase;
			buildActionMask = 2147483647;
			files = (
				75C8F1F11CBD75C100125AD4 /* OliveAndGoldTests.swift in Sources */,
			);
			runOnlyForDeploymentPostprocessing = 0;
		};
		75C8F1F31CBD75C100125AD4 /* Sources */ = {
			isa = PBXSourcesBuildPhase;
			buildActionMask = 2147483647;
			files = (
				75C8F1FC1CBD75C100125AD4 /* OliveAndGoldUITests.swift in Sources */,
			);
			runOnlyForDeploymentPostprocessing = 0;
		};
/* End PBXSourcesBuildPhase section */

/* Begin PBXTargetDependency section */
		75C8F1EE1CBD75C100125AD4 /* PBXTargetDependency */ = {
			isa = PBXTargetDependency;
			target = 75C8F1D71CBD75C100125AD4 /* OliveAndGold */;
			targetProxy = 75C8F1ED1CBD75C100125AD4 /* PBXContainerItemProxy */;
		};
		75C8F1F91CBD75C100125AD4 /* PBXTargetDependency */ = {
			isa = PBXTargetDependency;
			target = 75C8F1D71CBD75C100125AD4 /* OliveAndGold */;
			targetProxy = 75C8F1F81CBD75C100125AD4 /* PBXContainerItemProxy */;
		};
/* End PBXTargetDependency section */

/* Begin PBXVariantGroup section */
		75C8F1DF1CBD75C100125AD4 /* Main.storyboard */ = {
			isa = PBXVariantGroup;
			children = (
				753CA9981CC6B54F00816DFA /* en */,
			);
			name = Main.storyboard;
			sourceTree = "<group>";
		};
		75C8F1E41CBD75C100125AD4 /* LaunchScreen.storyboard */ = {
			isa = PBXVariantGroup;
			children = (
				75C8F1E51CBD75C100125AD4 /* Base */,
			);
			name = LaunchScreen.storyboard;
			sourceTree = "<group>";
		};
/* End PBXVariantGroup section */

/* Begin XCBuildConfiguration section */
		75C8F1FE1CBD75C100125AD4 /* Debug */ = {
			isa = XCBuildConfiguration;
			buildSettings = {
				ALWAYS_SEARCH_USER_PATHS = NO;
				CLANG_CXX_LANGUAGE_STANDARD = "gnu++0x";
				CLANG_CXX_LIBRARY = "libc++";
				CLANG_ENABLE_MODULES = YES;
				CLANG_ENABLE_OBJC_ARC = YES;
				CLANG_WARN_BOOL_CONVERSION = YES;
				CLANG_WARN_CONSTANT_CONVERSION = YES;
				CLANG_WARN_DIRECT_OBJC_ISA_USAGE = YES_ERROR;
				CLANG_WARN_EMPTY_BODY = YES;
				CLANG_WARN_ENUM_CONVERSION = YES;
				CLANG_WARN_INFINITE_RECURSION = YES;
				CLANG_WARN_INT_CONVERSION = YES;
				CLANG_WARN_OBJC_ROOT_CLASS = YES_ERROR;
				CLANG_WARN_SUSPICIOUS_MOVE = YES;
				CLANG_WARN_UNREACHABLE_CODE = YES;
				CLANG_WARN__DUPLICATE_METHOD_MATCH = YES;
				"CODE_SIGN_IDENTITY[sdk=iphoneos*]" = "iPhone Developer";
				COPY_PHASE_STRIP = NO;
				DEBUG_INFORMATION_FORMAT = dwarf;
				ENABLE_STRICT_OBJC_MSGSEND = YES;
				ENABLE_TESTABILITY = YES;
				GCC_C_LANGUAGE_STANDARD = gnu99;
				GCC_DYNAMIC_NO_PIC = NO;
				GCC_NO_COMMON_BLOCKS = YES;
				GCC_OPTIMIZATION_LEVEL = 0;
				GCC_PREPROCESSOR_DEFINITIONS = (
					"DEBUG=1",
					"$(inherited)",
				);
				GCC_WARN_64_TO_32_BIT_CONVERSION = YES;
				GCC_WARN_ABOUT_RETURN_TYPE = YES_ERROR;
				GCC_WARN_UNDECLARED_SELECTOR = YES;
				GCC_WARN_UNINITIALIZED_AUTOS = YES_AGGRESSIVE;
				GCC_WARN_UNUSED_FUNCTION = YES;
				GCC_WARN_UNUSED_VARIABLE = YES;
				IPHONEOS_DEPLOYMENT_TARGET = 9.2;
				MTL_ENABLE_DEBUG_INFO = YES;
				ONLY_ACTIVE_ARCH = YES;
				SDKROOT = iphoneos;
				SWIFT_OPTIMIZATION_LEVEL = "-Onone";
			};
			name = Debug;
		};
		75C8F1FF1CBD75C100125AD4 /* Release */ = {
			isa = XCBuildConfiguration;
			buildSettings = {
				ALWAYS_SEARCH_USER_PATHS = NO;
				CLANG_CXX_LANGUAGE_STANDARD = "gnu++0x";
				CLANG_CXX_LIBRARY = "libc++";
				CLANG_ENABLE_MODULES = YES;
				CLANG_ENABLE_OBJC_ARC = YES;
				CLANG_WARN_BOOL_CONVERSION = YES;
				CLANG_WARN_CONSTANT_CONVERSION = YES;
				CLANG_WARN_DIRECT_OBJC_ISA_USAGE = YES_ERROR;
				CLANG_WARN_EMPTY_BODY = YES;
				CLANG_WARN_ENUM_CONVERSION = YES;
				CLANG_WARN_INFINITE_RECURSION = YES;
				CLANG_WARN_INT_CONVERSION = YES;
				CLANG_WARN_OBJC_ROOT_CLASS = YES_ERROR;
				CLANG_WARN_SUSPICIOUS_MOVE = YES;
				CLANG_WARN_UNREACHABLE_CODE = YES;
				CLANG_WARN__DUPLICATE_METHOD_MATCH = YES;
				"CODE_SIGN_IDENTITY[sdk=iphoneos*]" = "iPhone Developer";
				COPY_PHASE_STRIP = NO;
				DEBUG_INFORMATION_FORMAT = "dwarf-with-dsym";
				ENABLE_NS_ASSERTIONS = NO;
				ENABLE_STRICT_OBJC_MSGSEND = YES;
				GCC_C_LANGUAGE_STANDARD = gnu99;
				GCC_NO_COMMON_BLOCKS = YES;
				GCC_WARN_64_TO_32_BIT_CONVERSION = YES;
				GCC_WARN_ABOUT_RETURN_TYPE = YES_ERROR;
				GCC_WARN_UNDECLARED_SELECTOR = YES;
				GCC_WARN_UNINITIALIZED_AUTOS = YES_AGGRESSIVE;
				GCC_WARN_UNUSED_FUNCTION = YES;
				GCC_WARN_UNUSED_VARIABLE = YES;
				IPHONEOS_DEPLOYMENT_TARGET = 9.2;
				MTL_ENABLE_DEBUG_INFO = NO;
				SDKROOT = iphoneos;
				SWIFT_OPTIMIZATION_LEVEL = "-Owholemodule";
				VALIDATE_PRODUCT = YES;
			};
			name = Release;
		};
		75C8F2011CBD75C100125AD4 /* Debug */ = {
			isa = XCBuildConfiguration;
			buildSettings = {
				ASSETCATALOG_COMPILER_APPICON_NAME = AppIcon;
				CODE_SIGN_IDENTITY = "iPhone Developer";
				"CODE_SIGN_IDENTITY[sdk=iphoneos*]" = "iPhone Developer";
				DEVELOPMENT_TEAM = K3PUTQJ355;
				INFOPLIST_FILE = OliveAndGold/Info.plist;
				IPHONEOS_DEPLOYMENT_TARGET = 9.0;
				LD_RUNPATH_SEARCH_PATHS = "$(inherited) @executable_path/Frameworks";
				PRODUCT_BUNDLE_IDENTIFIER = com.eecc.OliveAndGold;
				PRODUCT_NAME = "$(TARGET_NAME)";
				PROVISIONING_PROFILE = "";
				SWIFT_VERSION = 3.0;
				TARGETED_DEVICE_FAMILY = 1;
			};
			name = Debug;
		};
		75C8F2021CBD75C100125AD4 /* Release */ = {
			isa = XCBuildConfiguration;
			buildSettings = {
				ASSETCATALOG_COMPILER_APPICON_NAME = AppIcon;
				CODE_SIGN_IDENTITY = "iPhone Developer";
				"CODE_SIGN_IDENTITY[sdk=iphoneos*]" = "iPhone Developer";
				DEVELOPMENT_TEAM = K3PUTQJ355;
				INFOPLIST_FILE = OliveAndGold/Info.plist;
				IPHONEOS_DEPLOYMENT_TARGET = 9.0;
				LD_RUNPATH_SEARCH_PATHS = "$(inherited) @executable_path/Frameworks";
				PRODUCT_BUNDLE_IDENTIFIER = com.eecc.OliveAndGold;
				PRODUCT_NAME = "$(TARGET_NAME)";
				PROVISIONING_PROFILE = "";
				SWIFT_VERSION = 3.0;
				TARGETED_DEVICE_FAMILY = 1;
			};
			name = Release;
		};
		75C8F2041CBD75C100125AD4 /* Debug */ = {
			isa = XCBuildConfiguration;
			buildSettings = {
				BUNDLE_LOADER = "$(TEST_HOST)";
				INFOPLIST_FILE = OliveAndGoldTests/Info.plist;
				IPHONEOS_DEPLOYMENT_TARGET = 9.0;
				LD_RUNPATH_SEARCH_PATHS = "$(inherited) @executable_path/Frameworks @loader_path/Frameworks";
				PRODUCT_BUNDLE_IDENTIFIER = eecc.OliveAndGoldTests;
				PRODUCT_NAME = "$(TARGET_NAME)";
				SWIFT_VERSION = 3.0;
				TEST_HOST = "$(BUILT_PRODUCTS_DIR)/OliveAndGold.app/OliveAndGold";
			};
			name = Debug;
		};
		75C8F2051CBD75C100125AD4 /* Release */ = {
			isa = XCBuildConfiguration;
			buildSettings = {
				BUNDLE_LOADER = "$(TEST_HOST)";
				INFOPLIST_FILE = OliveAndGoldTests/Info.plist;
				IPHONEOS_DEPLOYMENT_TARGET = 9.0;
				LD_RUNPATH_SEARCH_PATHS = "$(inherited) @executable_path/Frameworks @loader_path/Frameworks";
				PRODUCT_BUNDLE_IDENTIFIER = eecc.OliveAndGoldTests;
				PRODUCT_NAME = "$(TARGET_NAME)";
				SWIFT_VERSION = 3.0;
				TEST_HOST = "$(BUILT_PRODUCTS_DIR)/OliveAndGold.app/OliveAndGold";
			};
			name = Release;
		};
		75C8F2071CBD75C100125AD4 /* Debug */ = {
			isa = XCBuildConfiguration;
			buildSettings = {
				INFOPLIST_FILE = OliveAndGoldUITests/Info.plist;
				IPHONEOS_DEPLOYMENT_TARGET = 9.0;
				LD_RUNPATH_SEARCH_PATHS = "$(inherited) @executable_path/Frameworks @loader_path/Frameworks";
				PRODUCT_BUNDLE_IDENTIFIER = eecc.OliveAndGoldUITests;
				PRODUCT_NAME = "$(TARGET_NAME)";
				SWIFT_VERSION = 3.0;
				TEST_TARGET_NAME = OliveAndGold;
				USES_XCTRUNNER = YES;
			};
			name = Debug;
		};
		75C8F2081CBD75C100125AD4 /* Release */ = {
			isa = XCBuildConfiguration;
			buildSettings = {
				INFOPLIST_FILE = OliveAndGoldUITests/Info.plist;
				IPHONEOS_DEPLOYMENT_TARGET = 9.0;
				LD_RUNPATH_SEARCH_PATHS = "$(inherited) @executable_path/Frameworks @loader_path/Frameworks";
				PRODUCT_BUNDLE_IDENTIFIER = eecc.OliveAndGoldUITests;
				PRODUCT_NAME = "$(TARGET_NAME)";
				SWIFT_VERSION = 3.0;
				TEST_TARGET_NAME = OliveAndGold;
				USES_XCTRUNNER = YES;
			};
			name = Release;
		};
/* End XCBuildConfiguration section */

/* Begin XCConfigurationList section */
		75C8F1D31CBD75C000125AD4 /* Build configuration list for PBXProject "OliveAndGold" */ = {
			isa = XCConfigurationList;
			buildConfigurations = (
				75C8F1FE1CBD75C100125AD4 /* Debug */,
				75C8F1FF1CBD75C100125AD4 /* Release */,
			);
			defaultConfigurationIsVisible = 0;
			defaultConfigurationName = Release;
		};
		75C8F2001CBD75C100125AD4 /* Build configuration list for PBXNativeTarget "OliveAndGold" */ = {
			isa = XCConfigurationList;
			buildConfigurations = (
				75C8F2011CBD75C100125AD4 /* Debug */,
				75C8F2021CBD75C100125AD4 /* Release */,
			);
			defaultConfigurationIsVisible = 0;
			defaultConfigurationName = Release;
		};
		75C8F2031CBD75C100125AD4 /* Build configuration list for PBXNativeTarget "OliveAndGoldTests" */ = {
			isa = XCConfigurationList;
			buildConfigurations = (
				75C8F2041CBD75C100125AD4 /* Debug */,
				75C8F2051CBD75C100125AD4 /* Release */,
			);
			defaultConfigurationIsVisible = 0;
			defaultConfigurationName = Release;
		};
		75C8F2061CBD75C100125AD4 /* Build configuration list for PBXNativeTarget "OliveAndGoldUITests" */ = {
			isa = XCConfigurationList;
			buildConfigurations = (
				75C8F2071CBD75C100125AD4 /* Debug */,
				75C8F2081CBD75C100125AD4 /* Release */,
			);
			defaultConfigurationIsVisible = 0;
			defaultConfigurationName = Release;
		};
/* End XCConfigurationList section */
	};
	rootObject = 75C8F1D01CBD75C000125AD4 /* Project object */;
}
