// !$*UTF8*$!
{
	archiveVersion = 1;
	classes = {
	};
	objectVersion = 46;
	objects = {

/* Begin PBXBuildFile section */
		38200C3F1EC0BD8F00D55EDE /* AdminTableViewCell.swift in Sources */ = {isa = PBXBuildFile; fileRef = 38200C3D1EC0BD8F00D55EDE /* AdminTableViewCell.swift */; };
		38200C401EC0BD8F00D55EDE /* AdminWebViewController.swift in Sources */ = {isa = PBXBuildFile; fileRef = 38200C3E1EC0BD8F00D55EDE /* AdminWebViewController.swift */; };
		388CE8E21EC3664700754B81 /* AdminVideoWebViewController.swift in Sources */ = {isa = PBXBuildFile; fileRef = 388CE8E11EC3664700754B81 /* AdminVideoWebViewController.swift */; };
		75282E781CCFCBB0006FCFA1 /* QuestionVC.swift in Sources */ = {isa = PBXBuildFile; fileRef = 75282E771CCFCBB0006FCFA1 /* QuestionVC.swift */; };
		753CA9991CC6B65900816DFA /* Main.storyboard in Resources */ = {isa = PBXBuildFile; fileRef = 75C8F1DF1CBD75C100125AD4 /* Main.storyboard */; };
		7568BACC1CD279B700D22B89 /* WebviewVC.swift in Sources */ = {isa = PBXBuildFile; fileRef = 7568BACB1CD279B700D22B89 /* WebviewVC.swift */; };
		75C8F1DC1CBD75C100125AD4 /* AppDelegate.swift in Sources */ = {isa = PBXBuildFile; fileRef = 75C8F1DB1CBD75C100125AD4 /* AppDelegate.swift */; };
		75C8F1DE1CBD75C100125AD4 /* MainVC.swift in Sources */ = {isa = PBXBuildFile; fileRef = 75C8F1DD1CBD75C100125AD4 /* MainVC.swift */; };
		75C8F1E31CBD75C100125AD4 /* Assets.xcassets in Resources */ = {isa = PBXBuildFile; fileRef = 75C8F1E21CBD75C100125AD4 /* Assets.xcassets */; };
		75C8F1E61CBD75C100125AD4 /* LaunchScreen.storyboard in Resources */ = {isa = PBXBuildFile; fileRef = 75C8F1E41CBD75C100125AD4 /* LaunchScreen.storyboard */; };
		D63782CB1E025B7700E2DA3E /* StaffDisplayVC.swift in Sources */ = {isa = PBXBuildFile; fileRef = D63782CA1E025B7700E2DA3E /* StaffDisplayVC.swift */; };
		D66D7FBB1E048ED200BB6ABC /* MainTableViewCell.swift in Sources */ = {isa = PBXBuildFile; fileRef = D66D7FBA1E048ED200BB6ABC /* MainTableViewCell.swift */; };
		D66D7FBD1E04957E00BB6ABC /* QuestionTableViewCell.swift in Sources */ = {isa = PBXBuildFile; fileRef = D66D7FBC1E04957E00BB6ABC /* QuestionTableViewCell.swift */; };
		D671CBB81E01B9BC008F04E1 /* Staff.swift in Sources */ = {isa = PBXBuildFile; fileRef = D671CBB61E01B9BC008F04E1 /* Staff.swift */; };
		D671CBB91E01B9BC008F04E1 /* StaffMember.swift in Sources */ = {isa = PBXBuildFile; fileRef = D671CBB71E01B9BC008F04E1 /* StaffMember.swift */; };
		D671CBBE1E01BA6A008F04E1 /* Extensions.swift in Sources */ = {isa = PBXBuildFile; fileRef = D671CBBD1E01BA6A008F04E1 /* Extensions.swift */; };
		D671CBC21E01BD6B008F04E1 /* Questions.swift in Sources */ = {isa = PBXBuildFile; fileRef = D671CBC11E01BD6B008F04E1 /* Questions.swift */; };
		ED2139641E347F3C006F5E9B /* SPTableViewCell.swift in Sources */ = {isa = PBXBuildFile; fileRef = ED2139611E347F3C006F5E9B /* SPTableViewCell.swift */; };
		ED2139651E347F3C006F5E9B /* SPTableViewController.swift in Sources */ = {isa = PBXBuildFile; fileRef = ED2139621E347F3C006F5E9B /* SPTableViewController.swift */; };
		ED2139661E347F3C006F5E9B /* SPWebVC.swift in Sources */ = {isa = PBXBuildFile; fileRef = ED2139631E347F3C006F5E9B /* SPWebVC.swift */; };
		ED39F4491E2ED4880009B83E /* SettingsVC.swift in Sources */ = {isa = PBXBuildFile; fileRef = ED39F4481E2ED4880009B83E /* SettingsVC.swift */; };
		ED46452B1E53E3B10019092A /* AdminStaff.swift in Sources */ = {isa = PBXBuildFile; fileRef = ED4645271E53E3B10019092A /* AdminStaff.swift */; };
		ED46452C1E53E3B10019092A /* AdminStaffDisplayVC.swift in Sources */ = {isa = PBXBuildFile; fileRef = ED4645281E53E3B10019092A /* AdminStaffDisplayVC.swift */; };
		ED46452D1E53E3B10019092A /* AdminStoryboard.storyboard in Resources */ = {isa = PBXBuildFile; fileRef = ED4645291E53E3B10019092A /* AdminStoryboard.storyboard */; };
		ED46452E1E53E3B10019092A /* AdminVC.swift in Sources */ = {isa = PBXBuildFile; fileRef = ED46452A1E53E3B10019092A /* AdminVC.swift */; };
		ED5A4C931E849E07005988A9 /* Athletics.storyboard in Resources */ = {isa = PBXBuildFile; fileRef = ED5A4C911E849E07005988A9 /* Athletics.storyboard */; };
		ED5A4C941E849E07005988A9 /* AthleticsViewController.swift in Sources */ = {isa = PBXBuildFile; fileRef = ED5A4C921E849E07005988A9 /* AthleticsViewController.swift */; };
		EDCFEB9520EC905E00041422 /* Pathway.swift in Sources */ = {isa = PBXBuildFile; fileRef = EDCFEB9420EC905E00041422 /* Pathway.swift */; };
		EDCFEB9920EC90D100041422 /* ContactView.swift in Sources */ = {isa = PBXBuildFile; fileRef = EDCFEB9620EC90D000041422 /* ContactView.swift */; };
		EDCFEB9A20EC90D100041422 /* OGContact.swift in Sources */ = {isa = PBXBuildFile; fileRef = EDCFEB9720EC90D000041422 /* OGContact.swift */; };
		EDCFEB9B20EC90D100041422 /* PathwayViewController.swift in Sources */ = {isa = PBXBuildFile; fileRef = EDCFEB9820EC90D100041422 /* PathwayViewController.swift */; };
		EDD34E391E22D700006F1AF2 /* GoogleService-Info.plist in Resources */ = {isa = PBXBuildFile; fileRef = EDD34E381E22D700006F1AF2 /* GoogleService-Info.plist */; };
		EF8B98D021DA7D8C64AC895D /* Pods_OliveAndGold.framework in Frameworks */ = {isa = PBXBuildFile; fileRef = DE48E69271D39D139A33954A /* Pods_OliveAndGold.framework */; };
/* End PBXBuildFile section */

/* Begin PBXFileReference section */
		107D93B01CD9AEF300EA94F1 /* MessageUI.framework */ = {isa = PBXFileReference; lastKnownFileType = wrapper.framework; name = MessageUI.framework; path = System/Library/Frameworks/MessageUI.framework; sourceTree = SDKROOT; };
		151BA9A0D662583F0292E67A /* Pods-OliveAndGoldTests.release.xcconfig */ = {isa = PBXFileReference; includeInIndex = 1; lastKnownFileType = text.xcconfig; name = "Pods-OliveAndGoldTests.release.xcconfig"; path = "Pods/Target Support Files/Pods-OliveAndGoldTests/Pods-OliveAndGoldTests.release.xcconfig"; sourceTree = "<group>"; };
		17A6CB0847A7A8CCB89868A5 /* Pods-OliveAndGoldUITests.debug.xcconfig */ = {isa = PBXFileReference; includeInIndex = 1; lastKnownFileType = text.xcconfig; name = "Pods-OliveAndGoldUITests.debug.xcconfig"; path = "Pods/Target Support Files/Pods-OliveAndGoldUITests/Pods-OliveAndGoldUITests.debug.xcconfig"; sourceTree = "<group>"; };
		1BD3569B049F3660B0FBB52E /* Pods-OliveAndGoldUITests.release.xcconfig */ = {isa = PBXFileReference; includeInIndex = 1; lastKnownFileType = text.xcconfig; name = "Pods-OliveAndGoldUITests.release.xcconfig"; path = "Pods/Target Support Files/Pods-OliveAndGoldUITests/Pods-OliveAndGoldUITests.release.xcconfig"; sourceTree = "<group>"; };
		38200C3D1EC0BD8F00D55EDE /* AdminTableViewCell.swift */ = {isa = PBXFileReference; fileEncoding = 4; lastKnownFileType = sourcecode.swift; path = AdminTableViewCell.swift; sourceTree = "<group>"; };
		38200C3E1EC0BD8F00D55EDE /* AdminWebViewController.swift */ = {isa = PBXFileReference; fileEncoding = 4; lastKnownFileType = sourcecode.swift; path = AdminWebViewController.swift; sourceTree = "<group>"; };
		388CE8E11EC3664700754B81 /* AdminVideoWebViewController.swift */ = {isa = PBXFileReference; fileEncoding = 4; lastKnownFileType = sourcecode.swift; path = AdminVideoWebViewController.swift; sourceTree = "<group>"; };
		508B16B5FE0EE60AE718BD42 /* Pods-OliveAndGold.debug.xcconfig */ = {isa = PBXFileReference; includeInIndex = 1; lastKnownFileType = text.xcconfig; name = "Pods-OliveAndGold.debug.xcconfig"; path = "Pods/Target Support Files/Pods-OliveAndGold/Pods-OliveAndGold.debug.xcconfig"; sourceTree = "<group>"; };
		695B78470EFC2BDAC7DDAFB4 /* Pods-OliveAndGold.release.xcconfig */ = {isa = PBXFileReference; includeInIndex = 1; lastKnownFileType = text.xcconfig; name = "Pods-OliveAndGold.release.xcconfig"; path = "Pods/Target Support Files/Pods-OliveAndGold/Pods-OliveAndGold.release.xcconfig"; sourceTree = "<group>"; };
		703E7EE63B6549F147CCF0AB /* Pods_OliveAndGoldTests.framework */ = {isa = PBXFileReference; explicitFileType = wrapper.framework; includeInIndex = 0; path = Pods_OliveAndGoldTests.framework; sourceTree = BUILT_PRODUCTS_DIR; };
		75282E771CCFCBB0006FCFA1 /* QuestionVC.swift */ = {isa = PBXFileReference; fileEncoding = 4; lastKnownFileType = sourcecode.swift; path = QuestionVC.swift; sourceTree = "<group>"; };
		753CA9981CC6B54F00816DFA /* en */ = {isa = PBXFileReference; lastKnownFileType = file.storyboard; name = en; path = en.lproj/Main.storyboard; sourceTree = "<group>"; };
		7568BACB1CD279B700D22B89 /* WebviewVC.swift */ = {isa = PBXFileReference; fileEncoding = 4; lastKnownFileType = sourcecode.swift; path = WebviewVC.swift; sourceTree = "<group>"; };
		75C8F1D81CBD75C100125AD4 /* OliveAndGold.app */ = {isa = PBXFileReference; explicitFileType = wrapper.application; includeInIndex = 0; path = OliveAndGold.app; sourceTree = BUILT_PRODUCTS_DIR; };
		75C8F1DB1CBD75C100125AD4 /* AppDelegate.swift */ = {isa = PBXFileReference; lastKnownFileType = sourcecode.swift; path = AppDelegate.swift; sourceTree = "<group>"; };
		75C8F1DD1CBD75C100125AD4 /* MainVC.swift */ = {isa = PBXFileReference; lastKnownFileType = sourcecode.swift; path = MainVC.swift; sourceTree = "<group>"; };
		75C8F1E21CBD75C100125AD4 /* Assets.xcassets */ = {isa = PBXFileReference; lastKnownFileType = folder.assetcatalog; path = Assets.xcassets; sourceTree = "<group>"; };
		75C8F1E51CBD75C100125AD4 /* Base */ = {isa = PBXFileReference; lastKnownFileType = file.storyboard; name = Base; path = Base.lproj/LaunchScreen.storyboard; sourceTree = "<group>"; };
		75C8F1E71CBD75C100125AD4 /* Info.plist */ = {isa = PBXFileReference; lastKnownFileType = text.plist.xml; path = Info.plist; sourceTree = "<group>"; };
		75C8F1F01CBD75C100125AD4 /* OliveAndGoldTests.swift */ = {isa = PBXFileReference; lastKnownFileType = sourcecode.swift; path = OliveAndGoldTests.swift; sourceTree = "<group>"; };
		75C8F1F21CBD75C100125AD4 /* Info.plist */ = {isa = PBXFileReference; lastKnownFileType = text.plist.xml; path = Info.plist; sourceTree = "<group>"; };
		75C8F1FB1CBD75C100125AD4 /* OliveAndGoldUITests.swift */ = {isa = PBXFileReference; lastKnownFileType = sourcecode.swift; path = OliveAndGoldUITests.swift; sourceTree = "<group>"; };
		75C8F1FD1CBD75C100125AD4 /* Info.plist */ = {isa = PBXFileReference; lastKnownFileType = text.plist.xml; path = Info.plist; sourceTree = "<group>"; };
		C2E59E2DE13FFBEB7FBE3210 /* Pods_OliveAndGoldUITests.framework */ = {isa = PBXFileReference; explicitFileType = wrapper.framework; includeInIndex = 0; path = Pods_OliveAndGoldUITests.framework; sourceTree = BUILT_PRODUCTS_DIR; };
		CFE49F536A0459A7B9EEBEC5 /* Pods-OliveAndGoldTests.debug.xcconfig */ = {isa = PBXFileReference; includeInIndex = 1; lastKnownFileType = text.xcconfig; name = "Pods-OliveAndGoldTests.debug.xcconfig"; path = "Pods/Target Support Files/Pods-OliveAndGoldTests/Pods-OliveAndGoldTests.debug.xcconfig"; sourceTree = "<group>"; };
		D63782CA1E025B7700E2DA3E /* StaffDisplayVC.swift */ = {isa = PBXFileReference; fileEncoding = 4; lastKnownFileType = sourcecode.swift; path = StaffDisplayVC.swift; sourceTree = "<group>"; };
		D66D7FBA1E048ED200BB6ABC /* MainTableViewCell.swift */ = {isa = PBXFileReference; fileEncoding = 4; lastKnownFileType = sourcecode.swift; path = MainTableViewCell.swift; sourceTree = "<group>"; };
		D66D7FBC1E04957E00BB6ABC /* QuestionTableViewCell.swift */ = {isa = PBXFileReference; fileEncoding = 4; lastKnownFileType = sourcecode.swift; path = QuestionTableViewCell.swift; sourceTree = "<group>"; };
		D671CBB61E01B9BC008F04E1 /* Staff.swift */ = {isa = PBXFileReference; fileEncoding = 4; lastKnownFileType = sourcecode.swift; path = Staff.swift; sourceTree = "<group>"; };
		D671CBB71E01B9BC008F04E1 /* StaffMember.swift */ = {isa = PBXFileReference; fileEncoding = 4; lastKnownFileType = sourcecode.swift; path = StaffMember.swift; sourceTree = "<group>"; };
		D671CBBD1E01BA6A008F04E1 /* Extensions.swift */ = {isa = PBXFileReference; fileEncoding = 4; lastKnownFileType = sourcecode.swift; path = Extensions.swift; sourceTree = "<group>"; };
		D671CBC11E01BD6B008F04E1 /* Questions.swift */ = {isa = PBXFileReference; fileEncoding = 4; lastKnownFileType = sourcecode.swift; path = Questions.swift; sourceTree = "<group>"; };
		DE48E69271D39D139A33954A /* Pods_OliveAndGold.framework */ = {isa = PBXFileReference; explicitFileType = wrapper.framework; includeInIndex = 0; path = Pods_OliveAndGold.framework; sourceTree = BUILT_PRODUCTS_DIR; };
		ED2139611E347F3C006F5E9B /* SPTableViewCell.swift */ = {isa = PBXFileReference; fileEncoding = 4; lastKnownFileType = sourcecode.swift; path = SPTableViewCell.swift; sourceTree = "<group>"; };
		ED2139621E347F3C006F5E9B /* SPTableViewController.swift */ = {isa = PBXFileReference; fileEncoding = 4; lastKnownFileType = sourcecode.swift; path = SPTableViewController.swift; sourceTree = "<group>"; };
		ED2139631E347F3C006F5E9B /* SPWebVC.swift */ = {isa = PBXFileReference; fileEncoding = 4; lastKnownFileType = sourcecode.swift; path = SPWebVC.swift; sourceTree = "<group>"; };
		ED39F4481E2ED4880009B83E /* SettingsVC.swift */ = {isa = PBXFileReference; fileEncoding = 4; lastKnownFileType = sourcecode.swift; path = SettingsVC.swift; sourceTree = "<group>"; };
		ED4645271E53E3B10019092A /* AdminStaff.swift */ = {isa = PBXFileReference; fileEncoding = 4; lastKnownFileType = sourcecode.swift; path = AdminStaff.swift; sourceTree = "<group>"; };
		ED4645281E53E3B10019092A /* AdminStaffDisplayVC.swift */ = {isa = PBXFileReference; fileEncoding = 4; lastKnownFileType = sourcecode.swift; path = AdminStaffDisplayVC.swift; sourceTree = "<group>"; };
		ED4645291E53E3B10019092A /* AdminStoryboard.storyboard */ = {isa = PBXFileReference; fileEncoding = 4; lastKnownFileType = file.storyboard; path = AdminStoryboard.storyboard; sourceTree = "<group>"; };
		ED46452A1E53E3B10019092A /* AdminVC.swift */ = {isa = PBXFileReference; fileEncoding = 4; lastKnownFileType = sourcecode.swift; path = AdminVC.swift; sourceTree = "<group>"; };
		ED5A4C911E849E07005988A9 /* Athletics.storyboard */ = {isa = PBXFileReference; fileEncoding = 4; lastKnownFileType = file.storyboard; path = Athletics.storyboard; sourceTree = "<group>"; };
		ED5A4C921E849E07005988A9 /* AthleticsViewController.swift */ = {isa = PBXFileReference; fileEncoding = 4; lastKnownFileType = sourcecode.swift; path = AthleticsViewController.swift; sourceTree = "<group>"; };
		EDCFEB9420EC905E00041422 /* Pathway.swift */ = {isa = PBXFileReference; fileEncoding = 4; lastKnownFileType = sourcecode.swift; path = Pathway.swift; sourceTree = "<group>"; };
		EDCFEB9620EC90D000041422 /* ContactView.swift */ = {isa = PBXFileReference; fileEncoding = 4; lastKnownFileType = sourcecode.swift; path = ContactView.swift; sourceTree = "<group>"; };
		EDCFEB9720EC90D000041422 /* OGContact.swift */ = {isa = PBXFileReference; fileEncoding = 4; lastKnownFileType = sourcecode.swift; path = OGContact.swift; sourceTree = "<group>"; };
		EDCFEB9820EC90D100041422 /* PathwayViewController.swift */ = {isa = PBXFileReference; fileEncoding = 4; lastKnownFileType = sourcecode.swift; path = PathwayViewController.swift; sourceTree = "<group>"; };
		EDD34E381E22D700006F1AF2 /* GoogleService-Info.plist */ = {isa = PBXFileReference; fileEncoding = 4; lastKnownFileType = text.plist.xml; path = "GoogleService-Info.plist"; sourceTree = "<group>"; };
/* End PBXFileReference section */

/* Begin PBXFrameworksBuildPhase section */
		75C8F1D51CBD75C100125AD4 /* Frameworks */ = {
			isa = PBXFrameworksBuildPhase;
			buildActionMask = 2147483647;
			files = (
				EF8B98D021DA7D8C64AC895D /* Pods_OliveAndGold.framework in Frameworks */,
			);
			runOnlyForDeploymentPostprocessing = 0;
		};
/* End PBXFrameworksBuildPhase section */

/* Begin PBXGroup section */
		351F8A371402362D932DC1B8 /* Frameworks */ = {
			isa = PBXGroup;
			children = (
				DE48E69271D39D139A33954A /* Pods_OliveAndGold.framework */,
				703E7EE63B6549F147CCF0AB /* Pods_OliveAndGoldTests.framework */,
				C2E59E2DE13FFBEB7FBE3210 /* Pods_OliveAndGoldUITests.framework */,
			);
			name = Frameworks;
			sourceTree = "<group>";
		};
		75C8F1CF1CBD75C000125AD4 = {
			isa = PBXGroup;
			children = (
				107D93B01CD9AEF300EA94F1 /* MessageUI.framework */,
				75C8F1DA1CBD75C100125AD4 /* OliveAndGold */,
				75C8F1EF1CBD75C100125AD4 /* OliveAndGoldTests */,
				75C8F1FA1CBD75C100125AD4 /* OliveAndGoldUITests */,
				75C8F1D91CBD75C100125AD4 /* Products */,
				B0D8A60490A0F14CAD7CE4C0 /* Pods */,
				351F8A371402362D932DC1B8 /* Frameworks */,
			);
			sourceTree = "<group>";
		};
		75C8F1D91CBD75C100125AD4 /* Products */ = {
			isa = PBXGroup;
			children = (
				75C8F1D81CBD75C100125AD4 /* OliveAndGold.app */,
			);
			name = Products;
			sourceTree = "<group>";
		};
		75C8F1DA1CBD75C100125AD4 /* OliveAndGold */ = {
			isa = PBXGroup;
			children = (
				75C8F1DB1CBD75C100125AD4 /* AppDelegate.swift */,
				ED4645261E53E32B0019092A /* Admin */,
				ED5A4C901E849DEB005988A9 /* Athlethics */,
				EDBCF9861E2587B40005CF24 /* CCC */,
				ED2139601E347F29006F5E9B /* SpecialPrograms */,
				ED39F4471E2ED46D0009B83E /* Settings */,
				75C8F1DF1CBD75C100125AD4 /* Main.storyboard */,
				75C8F1E21CBD75C100125AD4 /* Assets.xcassets */,
				75C8F1E41CBD75C100125AD4 /* LaunchScreen.storyboard */,
				EDD34E381E22D700006F1AF2 /* GoogleService-Info.plist */,
				75C8F1E71CBD75C100125AD4 /* Info.plist */,
			);
			path = OliveAndGold;
			sourceTree = "<group>";
		};
		75C8F1EF1CBD75C100125AD4 /* OliveAndGoldTests */ = {
			isa = PBXGroup;
			children = (
				75C8F1F01CBD75C100125AD4 /* OliveAndGoldTests.swift */,
				75C8F1F21CBD75C100125AD4 /* Info.plist */,
			);
			path = OliveAndGoldTests;
			sourceTree = "<group>";
		};
		75C8F1FA1CBD75C100125AD4 /* OliveAndGoldUITests */ = {
			isa = PBXGroup;
			children = (
				75C8F1FB1CBD75C100125AD4 /* OliveAndGoldUITests.swift */,
				75C8F1FD1CBD75C100125AD4 /* Info.plist */,
			);
			path = OliveAndGoldUITests;
			sourceTree = "<group>";
		};
		B0D8A60490A0F14CAD7CE4C0 /* Pods */ = {
			isa = PBXGroup;
			children = (
				508B16B5FE0EE60AE718BD42 /* Pods-OliveAndGold.debug.xcconfig */,
				695B78470EFC2BDAC7DDAFB4 /* Pods-OliveAndGold.release.xcconfig */,
				CFE49F536A0459A7B9EEBEC5 /* Pods-OliveAndGoldTests.debug.xcconfig */,
				151BA9A0D662583F0292E67A /* Pods-OliveAndGoldTests.release.xcconfig */,
				17A6CB0847A7A8CCB89868A5 /* Pods-OliveAndGoldUITests.debug.xcconfig */,
				1BD3569B049F3660B0FBB52E /* Pods-OliveAndGoldUITests.release.xcconfig */,
			);
			name = Pods;
			sourceTree = "<group>";
		};
		D63782CE1E026AE700E2DA3E /* Main View Controller */ = {
			isa = PBXGroup;
			children = (
				75C8F1DD1CBD75C100125AD4 /* MainVC.swift */,
				D66D7FBA1E048ED200BB6ABC /* MainTableViewCell.swift */,
				D63782CA1E025B7700E2DA3E /* StaffDisplayVC.swift */,
			);
			name = "Main View Controller";
			sourceTree = "<group>";
		};
		D63782CF1E026B0A00E2DA3E /* Questions View Controller */ = {
			isa = PBXGroup;
			children = (
				75282E771CCFCBB0006FCFA1 /* QuestionVC.swift */,
				D66D7FBC1E04957E00BB6ABC /* QuestionTableViewCell.swift */,
			);
			name = "Questions View Controller";
			sourceTree = "<group>";
		};
		D63782D01E026B1900E2DA3E /* Webview View Controller */ = {
			isa = PBXGroup;
			children = (
				7568BACB1CD279B700D22B89 /* WebviewVC.swift */,
			);
			name = "Webview View Controller";
			sourceTree = "<group>";
		};
		D671CBB51E01B03D008F04E1 /* Views */ = {
			isa = PBXGroup;
			children = (
				D63782CE1E026AE700E2DA3E /* Main View Controller */,
				D63782D01E026B1900E2DA3E /* Webview View Controller */,
				D63782CF1E026B0A00E2DA3E /* Questions View Controller */,
			);
			name = Views;
			sourceTree = "<group>";
		};
		D671CBBA1E01B9C2008F04E1 /* Utilities */ = {
			isa = PBXGroup;
			children = (
				D671CBBC1E01BA25008F04E1 /* College Questions */,
				D671CBBB1E01BA19008F04E1 /* Staff */,
				D671CBBD1E01BA6A008F04E1 /* Extensions.swift */,
			);
			name = Utilities;
			sourceTree = "<group>";
		};
		D671CBBB1E01BA19008F04E1 /* Staff */ = {
			isa = PBXGroup;
			children = (
				D671CBB61E01B9BC008F04E1 /* Staff.swift */,
				D671CBB71E01B9BC008F04E1 /* StaffMember.swift */,
			);
			name = Staff;
			sourceTree = "<group>";
		};
		D671CBBC1E01BA25008F04E1 /* College Questions */ = {
			isa = PBXGroup;
			children = (
				D671CBC11E01BD6B008F04E1 /* Questions.swift */,
			);
			name = "College Questions";
			sourceTree = "<group>";
		};
		ED2139601E347F29006F5E9B /* SpecialPrograms */ = {
			isa = PBXGroup;
			children = (
				EDCFEB9620EC90D000041422 /* ContactView.swift */,
				EDCFEB9720EC90D000041422 /* OGContact.swift */,
				EDCFEB9820EC90D100041422 /* PathwayViewController.swift */,
				EDCFEB9420EC905E00041422 /* Pathway.swift */,
				ED2139611E347F3C006F5E9B /* SPTableViewCell.swift */,
				ED2139621E347F3C006F5E9B /* SPTableViewController.swift */,
				ED2139631E347F3C006F5E9B /* SPWebVC.swift */,
			);
			name = SpecialPrograms;
			sourceTree = "<group>";
		};
		ED39F4471E2ED46D0009B83E /* Settings */ = {
			isa = PBXGroup;
			children = (
				ED39F4481E2ED4880009B83E /* SettingsVC.swift */,
			);
			name = Settings;
			sourceTree = "<group>";
		};
		ED4645261E53E32B0019092A /* Admin */ = {
			isa = PBXGroup;
			children = (
				38200C3D1EC0BD8F00D55EDE /* AdminTableViewCell.swift */,
				38200C3E1EC0BD8F00D55EDE /* AdminWebViewController.swift */,
				388CE8E11EC3664700754B81 /* AdminVideoWebViewController.swift */,
				ED4645271E53E3B10019092A /* AdminStaff.swift */,
				ED4645281E53E3B10019092A /* AdminStaffDisplayVC.swift */,
				ED4645291E53E3B10019092A /* AdminStoryboard.storyboard */,
				ED46452A1E53E3B10019092A /* AdminVC.swift */,
			);
			name = Admin;
			sourceTree = "<group>";
		};
		ED5A4C901E849DEB005988A9 /* Athlethics */ = {
			isa = PBXGroup;
			children = (
				ED5A4C911E849E07005988A9 /* Athletics.storyboard */,
				ED5A4C921E849E07005988A9 /* AthleticsViewController.swift */,
			);
			name = Athlethics;
			sourceTree = "<group>";
		};
		EDBCF9861E2587B40005CF24 /* CCC */ = {
			isa = PBXGroup;
			children = (
				D671CBBA1E01B9C2008F04E1 /* Utilities */,
				D671CBB51E01B03D008F04E1 /* Views */,
			);
			name = CCC;
			sourceTree = "<group>";
		};
/* End PBXGroup section */

/* Begin PBXNativeTarget section */
		75C8F1D71CBD75C100125AD4 /* OliveAndGold */ = {
			isa = PBXNativeTarget;
			buildConfigurationList = 75C8F2001CBD75C100125AD4 /* Build configuration list for PBXNativeTarget "OliveAndGold" */;
			buildPhases = (
				47964DAF03742DBE0831BAF5 /* [CP] Check Pods Manifest.lock */,
				75C8F1D41CBD75C100125AD4 /* Sources */,
				75C8F1D51CBD75C100125AD4 /* Frameworks */,
				75C8F1D61CBD75C100125AD4 /* Resources */,
				23FFE6732ADD9D01210A1BFE /* [CP] Embed Pods Frameworks */,
				6D9D55D1482DE3D52F25411E /* [CP] Copy Pods Resources */,
			);
			buildRules = (
			);
			dependencies = (
			);
			name = OliveAndGold;
			productName = OliveAndGold;
			productReference = 75C8F1D81CBD75C100125AD4 /* OliveAndGold.app */;
			productType = "com.apple.product-type.application";
		};
/* End PBXNativeTarget section */

/* Begin PBXProject section */
		75C8F1D01CBD75C000125AD4 /* Project object */ = {
			isa = PBXProject;
			attributes = {
				KnownAssetTags = (
					41,
				);
				LastSwiftUpdateCheck = 0720;
				LastUpgradeCheck = 0940;
				ORGANIZATIONNAME = com.4myeecc;
				TargetAttributes = {
					75C8F1D71CBD75C100125AD4 = {
						CreatedOnToolsVersion = 7.2;
						DevelopmentTeam = K3PUTQJ355;
						LastSwiftMigration = 0940;
					};
				};
			};
			buildConfigurationList = 75C8F1D31CBD75C000125AD4 /* Build configuration list for PBXProject "OliveAndGold" */;
			compatibilityVersion = "Xcode 3.2";
			developmentRegion = English;
			hasScannedForEncodings = 0;
			knownRegions = (
				en,
				Base,
			);
			mainGroup = 75C8F1CF1CBD75C000125AD4;
			productRefGroup = 75C8F1D91CBD75C100125AD4 /* Products */;
			projectDirPath = "";
			projectRoot = "";
			targets = (
				75C8F1D71CBD75C100125AD4 /* OliveAndGold */,
			);
		};
/* End PBXProject section */

/* Begin PBXResourcesBuildPhase section */
		75C8F1D61CBD75C100125AD4 /* Resources */ = {
			isa = PBXResourcesBuildPhase;
			buildActionMask = 2147483647;
			files = (
				753CA9991CC6B65900816DFA /* Main.storyboard in Resources */,
				EDD34E391E22D700006F1AF2 /* GoogleService-Info.plist in Resources */,
				75C8F1E61CBD75C100125AD4 /* LaunchScreen.storyboard in Resources */,
				ED46452D1E53E3B10019092A /* AdminStoryboard.storyboard in Resources */,
				ED5A4C931E849E07005988A9 /* Athletics.storyboard in Resources */,
				75C8F1E31CBD75C100125AD4 /* Assets.xcassets in Resources */,
			);
			runOnlyForDeploymentPostprocessing = 0;
		};
/* End PBXResourcesBuildPhase section */

/* Begin PBXShellScriptBuildPhase section */
		23FFE6732ADD9D01210A1BFE /* [CP] Embed Pods Frameworks */ = {
			isa = PBXShellScriptBuildPhase;
			buildActionMask = 2147483647;
			files = (
			);
			inputPaths = (
			);
			name = "[CP] Embed Pods Frameworks";
			outputPaths = (
			);
			runOnlyForDeploymentPostprocessing = 0;
			shellPath = /bin/sh;
			shellScript = "\"${SRCROOT}/Pods/Target Support Files/Pods-OliveAndGold/Pods-OliveAndGold-frameworks.sh\"\n";
			showEnvVarsInLog = 0;
		};
		47964DAF03742DBE0831BAF5 /* [CP] Check Pods Manifest.lock */ = {
			isa = PBXShellScriptBuildPhase;
			buildActionMask = 2147483647;
			files = (
			);
			inputPaths = (
			);
			name = "[CP] Check Pods Manifest.lock";
			outputPaths = (
			);
			runOnlyForDeploymentPostprocessing = 0;
			shellPath = /bin/sh;
			shellScript = "diff \"${PODS_ROOT}/../Podfile.lock\" \"${PODS_ROOT}/Manifest.lock\" > /dev/null\nif [ $? != 0 ] ; then\n    # print error to STDERR\n    echo \"error: The sandbox is not in sync with the Podfile.lock. Run 'pod install' or update your CocoaPods installation.\" >&2\n    exit 1\nfi\n";
			showEnvVarsInLog = 0;
		};
		6D9D55D1482DE3D52F25411E /* [CP] Copy Pods Resources */ = {
			isa = PBXShellScriptBuildPhase;
			buildActionMask = 2147483647;
			files = (
			);
			inputPaths = (
			);
			name = "[CP] Copy Pods Resources";
			outputPaths = (
			);
			runOnlyForDeploymentPostprocessing = 0;
			shellPath = /bin/sh;
			shellScript = "\"${SRCROOT}/Pods/Target Support Files/Pods-OliveAndGold/Pods-OliveAndGold-resources.sh\"\n";
			showEnvVarsInLog = 0;
		};
/* End PBXShellScriptBuildPhase section */

/* Begin PBXSourcesBuildPhase section */
		75C8F1D41CBD75C100125AD4 /* Sources */ = {
			isa = PBXSourcesBuildPhase;
			buildActionMask = 2147483647;
			files = (
				ED2139651E347F3C006F5E9B /* SPTableViewController.swift in Sources */,
				388CE8E21EC3664700754B81 /* AdminVideoWebViewController.swift in Sources */,
				D671CBB91E01B9BC008F04E1 /* StaffMember.swift in Sources */,
				EDCFEB9B20EC90D100041422 /* PathwayViewController.swift in Sources */,
				D66D7FBD1E04957E00BB6ABC /* QuestionTableViewCell.swift in Sources */,
				D671CBBE1E01BA6A008F04E1 /* Extensions.swift in Sources */,
				ED2139641E347F3C006F5E9B /* SPTableViewCell.swift in Sources */,
				7568BACC1CD279B700D22B89 /* WebviewVC.swift in Sources */,
				EDCFEB9520EC905E00041422 /* Pathway.swift in Sources */,
				38200C401EC0BD8F00D55EDE /* AdminWebViewController.swift in Sources */,
				ED46452C1E53E3B10019092A /* AdminStaffDisplayVC.swift in Sources */,
				ED2139661E347F3C006F5E9B /* SPWebVC.swift in Sources */,
				75282E781CCFCBB0006FCFA1 /* QuestionVC.swift in Sources */,
				ED46452B1E53E3B10019092A /* AdminStaff.swift in Sources */,
				ED39F4491E2ED4880009B83E /* SettingsVC.swift in Sources */,
				D63782CB1E025B7700E2DA3E /* StaffDisplayVC.swift in Sources */,
				EDCFEB9A20EC90D100041422 /* OGContact.swift in Sources */,
				75C8F1DE1CBD75C100125AD4 /* MainVC.swift in Sources */,
				D671CBC21E01BD6B008F04E1 /* Questions.swift in Sources */,
				75C8F1DC1CBD75C100125AD4 /* AppDelegate.swift in Sources */,
				38200C3F1EC0BD8F00D55EDE /* AdminTableViewCell.swift in Sources */,
				EDCFEB9920EC90D100041422 /* ContactView.swift in Sources */,
				D671CBB81E01B9BC008F04E1 /* Staff.swift in Sources */,
				ED5A4C941E849E07005988A9 /* AthleticsViewController.swift in Sources */,
				ED46452E1E53E3B10019092A /* AdminVC.swift in Sources */,
				D66D7FBB1E048ED200BB6ABC /* MainTableViewCell.swift in Sources */,
			);
			runOnlyForDeploymentPostprocessing = 0;
		};
/* End PBXSourcesBuildPhase section */

/* Begin PBXVariantGroup section */
		75C8F1DF1CBD75C100125AD4 /* Main.storyboard */ = {
			isa = PBXVariantGroup;
			children = (
				753CA9981CC6B54F00816DFA /* en */,
			);
			name = Main.storyboard;
			sourceTree = "<group>";
		};
		75C8F1E41CBD75C100125AD4 /* LaunchScreen.storyboard */ = {
			isa = PBXVariantGroup;
			children = (
				75C8F1E51CBD75C100125AD4 /* Base */,
			);
			name = LaunchScreen.storyboard;
			sourceTree = "<group>";
		};
/* End PBXVariantGroup section */

/* Begin XCBuildConfiguration section */
		75C8F1FE1CBD75C100125AD4 /* Debug */ = {
			isa = XCBuildConfiguration;
			buildSettings = {
				ALWAYS_SEARCH_USER_PATHS = NO;
				CLANG_CXX_LANGUAGE_STANDARD = "gnu++0x";
				CLANG_CXX_LIBRARY = "libc++";
				CLANG_ENABLE_MODULES = YES;
				CLANG_ENABLE_OBJC_ARC = YES;
				CLANG_WARN_BLOCK_CAPTURE_AUTORELEASING = YES;
				CLANG_WARN_BOOL_CONVERSION = YES;
				CLANG_WARN_COMMA = YES;
				CLANG_WARN_CONSTANT_CONVERSION = YES;
				CLANG_WARN_DEPRECATED_OBJC_IMPLEMENTATIONS = YES;
				CLANG_WARN_DIRECT_OBJC_ISA_USAGE = YES_ERROR;
				CLANG_WARN_EMPTY_BODY = YES;
				CLANG_WARN_ENUM_CONVERSION = YES;
				CLANG_WARN_INFINITE_RECURSION = YES;
				CLANG_WARN_INT_CONVERSION = YES;
				CLANG_WARN_NON_LITERAL_NULL_CONVERSION = YES;
				CLANG_WARN_OBJC_IMPLICIT_RETAIN_SELF = YES;
				CLANG_WARN_OBJC_LITERAL_CONVERSION = YES;
				CLANG_WARN_OBJC_ROOT_CLASS = YES_ERROR;
				CLANG_WARN_RANGE_LOOP_ANALYSIS = YES;
				CLANG_WARN_STRICT_PROTOTYPES = YES;
				CLANG_WARN_SUSPICIOUS_MOVE = YES;
				CLANG_WARN_UNREACHABLE_CODE = YES;
				CLANG_WARN__DUPLICATE_METHOD_MATCH = YES;
				"CODE_SIGN_IDENTITY[sdk=iphoneos*]" = "iPhone Developer";
				COPY_PHASE_STRIP = NO;
				DEBUG_INFORMATION_FORMAT = dwarf;
				ENABLE_STRICT_OBJC_MSGSEND = YES;
				ENABLE_TESTABILITY = YES;
				GCC_C_LANGUAGE_STANDARD = gnu99;
				GCC_DYNAMIC_NO_PIC = NO;
				GCC_NO_COMMON_BLOCKS = YES;
				GCC_OPTIMIZATION_LEVEL = 0;
				GCC_PREPROCESSOR_DEFINITIONS = (
					"DEBUG=1",
					"$(inherited)",
				);
				GCC_WARN_64_TO_32_BIT_CONVERSION = YES;
				GCC_WARN_ABOUT_RETURN_TYPE = YES_ERROR;
				GCC_WARN_UNDECLARED_SELECTOR = YES;
				GCC_WARN_UNINITIALIZED_AUTOS = YES_AGGRESSIVE;
				GCC_WARN_UNUSED_FUNCTION = YES;
				GCC_WARN_UNUSED_VARIABLE = YES;
				IPHONEOS_DEPLOYMENT_TARGET = 9.2;
				MTL_ENABLE_DEBUG_INFO = YES;
				ONLY_ACTIVE_ARCH = YES;
				SDKROOT = iphoneos;
				SWIFT_OPTIMIZATION_LEVEL = "-Onone";
				SWIFT_SWIFT3_OBJC_INFERENCE = Default;
			};
			name = Debug;
		};
		75C8F1FF1CBD75C100125AD4 /* Release */ = {
			isa = XCBuildConfiguration;
			buildSettings = {
				ALWAYS_SEARCH_USER_PATHS = NO;
				CLANG_CXX_LANGUAGE_STANDARD = "gnu++0x";
				CLANG_CXX_LIBRARY = "libc++";
				CLANG_ENABLE_MODULES = YES;
				CLANG_ENABLE_OBJC_ARC = YES;
				CLANG_WARN_BLOCK_CAPTURE_AUTORELEASING = YES;
				CLANG_WARN_BOOL_CONVERSION = YES;
				CLANG_WARN_COMMA = YES;
				CLANG_WARN_CONSTANT_CONVERSION = YES;
				CLANG_WARN_DEPRECATED_OBJC_IMPLEMENTATIONS = YES;
				CLANG_WARN_DIRECT_OBJC_ISA_USAGE = YES_ERROR;
				CLANG_WARN_EMPTY_BODY = YES;
				CLANG_WARN_ENUM_CONVERSION = YES;
				CLANG_WARN_INFINITE_RECURSION = YES;
				CLANG_WARN_INT_CONVERSION = YES;
				CLANG_WARN_NON_LITERAL_NULL_CONVERSION = YES;
				CLANG_WARN_OBJC_IMPLICIT_RETAIN_SELF = YES;
				CLANG_WARN_OBJC_LITERAL_CONVERSION = YES;
				CLANG_WARN_OBJC_ROOT_CLASS = YES_ERROR;
				CLANG_WARN_RANGE_LOOP_ANALYSIS = YES;
				CLANG_WARN_STRICT_PROTOTYPES = YES;
				CLANG_WARN_SUSPICIOUS_MOVE = YES;
				CLANG_WARN_UNREACHABLE_CODE = YES;
				CLANG_WARN__DUPLICATE_METHOD_MATCH = YES;
				"CODE_SIGN_IDENTITY[sdk=iphoneos*]" = "iPhone Developer";
				COPY_PHASE_STRIP = NO;
				DEBUG_INFORMATION_FORMAT = "dwarf-with-dsym";
				ENABLE_NS_ASSERTIONS = NO;
				ENABLE_STRICT_OBJC_MSGSEND = YES;
				GCC_C_LANGUAGE_STANDARD = gnu99;
				GCC_NO_COMMON_BLOCKS = YES;
				GCC_WARN_64_TO_32_BIT_CONVERSION = YES;
				GCC_WARN_ABOUT_RETURN_TYPE = YES_ERROR;
				GCC_WARN_UNDECLARED_SELECTOR = YES;
				GCC_WARN_UNINITIALIZED_AUTOS = YES_AGGRESSIVE;
				GCC_WARN_UNUSED_FUNCTION = YES;
				GCC_WARN_UNUSED_VARIABLE = YES;
				IPHONEOS_DEPLOYMENT_TARGET = 9.2;
				MTL_ENABLE_DEBUG_INFO = NO;
				SDKROOT = iphoneos;
				SWIFT_OPTIMIZATION_LEVEL = "-Owholemodule";
				SWIFT_SWIFT3_OBJC_INFERENCE = Default;
				VALIDATE_PRODUCT = YES;
			};
			name = Release;
		};
		75C8F2011CBD75C100125AD4 /* Debug */ = {
			isa = XCBuildConfiguration;
			baseConfigurationReference = 508B16B5FE0EE60AE718BD42 /* Pods-OliveAndGold.debug.xcconfig */;
			buildSettings = {
				ASSETCATALOG_COMPILER_APPICON_NAME = AppIcon;
				CODE_SIGN_IDENTITY = "iPhone Developer";
				"CODE_SIGN_IDENTITY[sdk=iphoneos*]" = "iPhone Developer";
				DEVELOPMENT_TEAM = K3PUTQJ355;
				INFOPLIST_FILE = OliveAndGold/Info.plist;
				IPHONEOS_DEPLOYMENT_TARGET = 9.0;
				LD_RUNPATH_SEARCH_PATHS = "$(inherited) @executable_path/Frameworks";
				PRODUCT_BUNDLE_IDENTIFIER = com.eecc.OliveAndGold;
				PRODUCT_NAME = "$(TARGET_NAME)";
				PROVISIONING_PROFILE = "";
				SWIFT_SWIFT3_OBJC_INFERENCE = Default;
				SWIFT_VERSION = 4.0;
				TARGETED_DEVICE_FAMILY = 1;
			};
			name = Debug;
		};
		75C8F2021CBD75C100125AD4 /* Release */ = {
			isa = XCBuildConfiguration;
			baseConfigurationReference = 695B78470EFC2BDAC7DDAFB4 /* Pods-OliveAndGold.release.xcconfig */;
			buildSettings = {
				ASSETCATALOG_COMPILER_APPICON_NAME = AppIcon;
				CODE_SIGN_IDENTITY = "iPhone Developer";
				"CODE_SIGN_IDENTITY[sdk=iphoneos*]" = "iPhone Developer";
				DEVELOPMENT_TEAM = K3PUTQJ355;
				INFOPLIST_FILE = OliveAndGold/Info.plist;
				IPHONEOS_DEPLOYMENT_TARGET = 9.0;
				LD_RUNPATH_SEARCH_PATHS = "$(inherited) @executable_path/Frameworks";
				PRODUCT_BUNDLE_IDENTIFIER = com.eecc.OliveAndGold;
				PRODUCT_NAME = "$(TARGET_NAME)";
				PROVISIONING_PROFILE = "";
				SWIFT_SWIFT3_OBJC_INFERENCE = Default;
				SWIFT_VERSION = 4.0;
				TARGETED_DEVICE_FAMILY = 1;
			};
			name = Release;
		};
/* End XCBuildConfiguration section */

/* Begin XCConfigurationList section */
		75C8F1D31CBD75C000125AD4 /* Build configuration list for PBXProject "OliveAndGold" */ = {
			isa = XCConfigurationList;
			buildConfigurations = (
				75C8F1FE1CBD75C100125AD4 /* Debug */,
				75C8F1FF1CBD75C100125AD4 /* Release */,
			);
			defaultConfigurationIsVisible = 0;
			defaultConfigurationName = Release;
		};
		75C8F2001CBD75C100125AD4 /* Build configuration list for PBXNativeTarget "OliveAndGold" */ = {
			isa = XCConfigurationList;
			buildConfigurations = (
				75C8F2011CBD75C100125AD4 /* Debug */,
				75C8F2021CBD75C100125AD4 /* Release */,
			);
			defaultConfigurationIsVisible = 0;
			defaultConfigurationName = Release;
		};
/* End XCConfigurationList section */
	};
	rootObject = 75C8F1D01CBD75C000125AD4 /* Project object */;
}
